Microsoft Visual Studio Solution File, Format Version 12.00
# Visual Studio 2012
Project("{FAE04EC0-301F-11D3-BF4B-00C04F79EFBC}") = "Drift", "Drift.csproj", "{ED3FD10D-2B71-46CC-A399-E9FEC4F842BF}"
EndProject
Global
	GlobalSection(SolutionConfigurationPlatforms) = preSolution
	Debug|Any CPU = Debug|Any CPU
	ExportDebug|Any CPU = ExportDebug|Any CPU
	ExportRelease|Any CPU = ExportRelease|Any CPU
	EndGlobalSection
	GlobalSection(ProjectConfigurationPlatforms) = postSolution
		{ED3FD10D-2B71-46CC-A399-E9FEC4F842BF}.Debug|Any CPU.ActiveCfg = Debug|Any CPU
		{ED3FD10D-2B71-46CC-A399-E9FEC4F842BF}.Debug|Any CPU.Build.0 = Debug|Any CPU
		{ED3FD10D-2B71-46CC-A399-E9FEC4F842BF}.ExportDebug|Any CPU.ActiveCfg = ExportDebug|Any CPU
		{ED3FD10D-2B71-46CC-A399-E9FEC4F842BF}.ExportDebug|Any CPU.Build.0 = ExportDebug|Any CPU
		{ED3FD10D-2B71-46CC-A399-E9FEC4F842BF}.ExportRelease|Any CPU.ActiveCfg = ExportRelease|Any CPU
		{ED3FD10D-2B71-46CC-A399-E9FEC4F842BF}.ExportRelease|Any CPU.Build.0 = ExportRelease|Any CPU
	EndGlobalSection
EndGlobal
